// !$*UTF8*$!
{
	archiveVersion = 1;
	classes = {
	};
	objectVersion = 55;
	objects = {

/* Begin PBXBuildFile section */
		0E2A1F39270C06860015CA58 /* SwiftUI_AlamofireApp.swift in Sources */ = {isa = PBXBuildFile; fileRef = 0E2A1F38270C06860015CA58 /* SwiftUI_AlamofireApp.swift */; };
		0E2A1F3B270C06860015CA58 /* ContentView.swift in Sources */ = {isa = PBXBuildFile; fileRef = 0E2A1F3A270C06860015CA58 /* ContentView.swift */; };
		0E2A1F3D270C068D0015CA58 /* Assets.xcassets in Resources */ = {isa = PBXBuildFile; fileRef = 0E2A1F3C270C068D0015CA58 /* Assets.xcassets */; };
		0E2A1F40270C068D0015CA58 /* Preview Assets.xcassets in Resources */ = {isa = PBXBuildFile; fileRef = 0E2A1F3F270C068D0015CA58 /* Preview Assets.xcassets */; };
		0E2A1F48270C07410015CA58 /* Networking in Frameworks */ = {isa = PBXBuildFile; productRef = 0E2A1F47270C07410015CA58 /* Networking */; };
		0E2A1F4A270C08C70015CA58 /* ContentViewModel.swift in Sources */ = {isa = PBXBuildFile; fileRef = 0E2A1F49270C08C70015CA58 /* ContentViewModel.swift */; };
		0E2A1F4C270C09390015CA58 /* Post.swift in Sources */ = {isa = PBXBuildFile; fileRef = 0E2A1F4B270C09390015CA58 /* Post.swift */; };
		0E2A1F4E270C09C40015CA58 /* Error+.swift in Sources */ = {isa = PBXBuildFile; fileRef = 0E2A1F4D270C09C40015CA58 /* Error+.swift */; };
		0E2A1F50270C0A7C0015CA58 /* PromiseHandler.swift in Sources */ = {isa = PBXBuildFile; fileRef = 0E2A1F4F270C0A7C0015CA58 /* PromiseHandler.swift */; };
		0E2A1F52270C0C680015CA58 /* API.swift in Sources */ = {isa = PBXBuildFile; fileRef = 0E2A1F51270C0C680015CA58 /* API.swift */; };
/* End PBXBuildFile section */

/* Begin PBXFileReference section */
		0E2A1F35270C06860015CA58 /* SwiftUI_Alamofire.app */ = {isa = PBXFileReference; explicitFileType = wrapper.application; includeInIndex = 0; path = SwiftUI_Alamofire.app; sourceTree = BUILT_PRODUCTS_DIR; };
		0E2A1F38270C06860015CA58 /* SwiftUI_AlamofireApp.swift */ = {isa = PBXFileReference; lastKnownFileType = sourcecode.swift; path = SwiftUI_AlamofireApp.swift; sourceTree = "<group>"; };
		0E2A1F3A270C06860015CA58 /* ContentView.swift */ = {isa = PBXFileReference; lastKnownFileType = sourcecode.swift; path = ContentView.swift; sourceTree = "<group>"; };
		0E2A1F3C270C068D0015CA58 /* Assets.xcassets */ = {isa = PBXFileReference; lastKnownFileType = folder.assetcatalog; path = Assets.xcassets; sourceTree = "<group>"; };
		0E2A1F3F270C068D0015CA58 /* Preview Assets.xcassets */ = {isa = PBXFileReference; lastKnownFileType = folder.assetcatalog; path = "Preview Assets.xcassets"; sourceTree = "<group>"; };
		0E2A1F49270C08C70015CA58 /* ContentViewModel.swift */ = {isa = PBXFileReference; lastKnownFileType = sourcecode.swift; path = ContentViewModel.swift; sourceTree = "<group>"; };
		0E2A1F4B270C09390015CA58 /* Post.swift */ = {isa = PBXFileReference; lastKnownFileType = sourcecode.swift; path = Post.swift; sourceTree = "<group>"; };
		0E2A1F4D270C09C40015CA58 /* Error+.swift */ = {isa = PBXFileReference; lastKnownFileType = sourcecode.swift; path = "Error+.swift"; sourceTree = "<group>"; };
		0E2A1F4F270C0A7C0015CA58 /* PromiseHandler.swift */ = {isa = PBXFileReference; lastKnownFileType = sourcecode.swift; path = PromiseHandler.swift; sourceTree = "<group>"; };
		0E2A1F51270C0C680015CA58 /* API.swift */ = {isa = PBXFileReference; lastKnownFileType = sourcecode.swift; path = API.swift; sourceTree = "<group>"; };
/* End PBXFileReference section */

/* Begin PBXFrameworksBuildPhase section */
		0E2A1F32270C06860015CA58 /* Frameworks */ = {
			isa = PBXFrameworksBuildPhase;
			buildActionMask = 2147483647;
			files = (
				0E2A1F48270C07410015CA58 /* Networking in Frameworks */,
			);
			runOnlyForDeploymentPostprocessing = 0;
		};
/* End PBXFrameworksBuildPhase section */

/* Begin PBXGroup section */
		0E2A1F2C270C06860015CA58 = {
			isa = PBXGroup;
			children = (
				0E2A1F37270C06860015CA58 /* SwiftUI_Alamofire */,
				0E2A1F36270C06860015CA58 /* Products */,
			);
			sourceTree = "<group>";
		};
		0E2A1F36270C06860015CA58 /* Products */ = {
			isa = PBXGroup;
			children = (
				0E2A1F35270C06860015CA58 /* SwiftUI_Alamofire.app */,
			);
			name = Products;
			sourceTree = "<group>";
		};
		0E2A1F37270C06860015CA58 /* SwiftUI_Alamofire */ = {
			isa = PBXGroup;
			children = (
				0E2A1F38270C06860015CA58 /* SwiftUI_AlamofireApp.swift */,
				0E2A1F3A270C06860015CA58 /* ContentView.swift */,
				0E2A1F49270C08C70015CA58 /* ContentViewModel.swift */,
				0E2A1F4B270C09390015CA58 /* Post.swift */,
				0E2A1F51270C0C680015CA58 /* API.swift */,
				0E2A1F4F270C0A7C0015CA58 /* PromiseHandler.swift */,
				0E2A1F4D270C09C40015CA58 /* Error+.swift */,
				0E2A1F3C270C068D0015CA58 /* Assets.xcassets */,
				0E2A1F3E270C068D0015CA58 /* Preview Content */,
			);
			path = SwiftUI_Alamofire;
			sourceTree = "<group>";
		};
		0E2A1F3E270C068D0015CA58 /* Preview Content */ = {
			isa = PBXGroup;
			children = (
				0E2A1F3F270C068D0015CA58 /* Preview Assets.xcassets */,
			);
			path = "Preview Content";
			sourceTree = "<group>";
		};
/* End PBXGroup section */

/* Begin PBXNativeTarget section */
		0E2A1F34270C06860015CA58 /* SwiftUI_Alamofire */ = {
			isa = PBXNativeTarget;
			buildConfigurationList = 0E2A1F43270C068D0015CA58 /* Build configuration list for PBXNativeTarget "SwiftUI_Alamofire" */;
			buildPhases = (
				0E2A1F31270C06860015CA58 /* Sources */,
				0E2A1F32270C06860015CA58 /* Frameworks */,
				0E2A1F33270C06860015CA58 /* Resources */,
			);
			buildRules = (
			);
			dependencies = (
			);
			name = SwiftUI_Alamofire;
			packageProductDependencies = (
				0E2A1F47270C07410015CA58 /* Networking */,
			);
			productName = SwiftUI_Alamofire;
			productReference = 0E2A1F35270C06860015CA58 /* SwiftUI_Alamofire.app */;
			productType = "com.apple.product-type.application";
		};
/* End PBXNativeTarget section */

/* Begin PBXProject section */
		0E2A1F2D270C06860015CA58 /* Project object */ = {
			isa = PBXProject;
			attributes = {
				BuildIndependentTargetsInParallel = 1;
				LastSwiftUpdateCheck = 1300;
				LastUpgradeCheck = 1300;
				TargetAttributes = {
					0E2A1F34270C06860015CA58 = {
						CreatedOnToolsVersion = 13.0;
					};
				};
			};
			buildConfigurationList = 0E2A1F30270C06860015CA58 /* Build configuration list for PBXProject "SwiftUI_Alamofire" */;
			compatibilityVersion = "Xcode 13.0";
			developmentRegion = en;
			hasScannedForEncodings = 0;
			knownRegions = (
				en,
				Base,
			);
			mainGroup = 0E2A1F2C270C06860015CA58;
			packageReferences = (
				0E2A1F46270C07410015CA58 /* XCRemoteSwiftPackageReference "Networking" */,
			);
			productRefGroup = 0E2A1F36270C06860015CA58 /* Products */;
			projectDirPath = "";
			projectRoot = "";
			targets = (
				0E2A1F34270C06860015CA58 /* SwiftUI_Alamofire */,
			);
		};
/* End PBXProject section */

/* Begin PBXResourcesBuildPhase section */
		0E2A1F33270C06860015CA58 /* Resources */ = {
			isa = PBXResourcesBuildPhase;
			buildActionMask = 2147483647;
			files = (
				0E2A1F40270C068D0015CA58 /* Preview Assets.xcassets in Resources */,
				0E2A1F3D270C068D0015CA58 /* Assets.xcassets in Resources */,
			);
			runOnlyForDeploymentPostprocessing = 0;
		};
/* End PBXResourcesBuildPhase section */

/* Begin PBXSourcesBuildPhase section */
		0E2A1F31270C06860015CA58 /* Sources */ = {
			isa = PBXSourcesBuildPhase;
			buildActionMask = 2147483647;
			files = (
				0E2A1F3B270C06860015CA58 /* ContentView.swift in Sources */,
				0E2A1F4E270C09C40015CA58 /* Error+.swift in Sources */,
				0E2A1F39270C06860015CA58 /* SwiftUI_AlamofireApp.swift in Sources */,
				0E2A1F4A270C08C70015CA58 /* ContentViewModel.swift in Sources */,
				0E2A1F50270C0A7C0015CA58 /* PromiseHandler.swift in Sources */,
				0E2A1F4C270C09390015CA58 /* Post.swift in Sources */,
				0E2A1F52270C0C680015CA58 /* API.swift in Sources */,
			);
			runOnlyForDeploymentPostprocessing = 0;
		};
/* End PBXSourcesBuildPhase section */

/* Begin XCBuildConfiguration section */
		0E2A1F41270C068D0015CA58 /* Debug */ = {
			isa = XCBuildConfiguration;
			buildSettings = {
				ALWAYS_SEARCH_USER_PATHS = NO;
				CLANG_ANALYZER_NONNULL = YES;
				CLANG_ANALYZER_NUMBER_OBJECT_CONVERSION = YES_AGGRESSIVE;
				CLANG_CXX_LANGUAGE_STANDARD = "gnu++17";
				CLANG_CXX_LIBRARY = "libc++";
				CLANG_ENABLE_MODULES = YES;
				CLANG_ENABLE_OBJC_ARC = YES;
				CLANG_ENABLE_OBJC_WEAK = YES;
				CLANG_WARN_BLOCK_CAPTURE_AUTORELEASING = YES;
				CLANG_WARN_BOOL_CONVERSION = YES;
				CLANG_WARN_COMMA = YES;
				CLANG_WARN_CONSTANT_CONVERSION = YES;
				CLANG_WARN_DEPRECATED_OBJC_IMPLEMENTATIONS = YES;
				CLANG_WARN_DIRECT_OBJC_ISA_USAGE = YES_ERROR;
				CLANG_WARN_DOCUMENTATION_COMMENTS = YES;
				CLANG_WARN_EMPTY_BODY = YES;
				CLANG_WARN_ENUM_CONVERSION = YES;
				CLANG_WARN_INFINITE_RECURSION = YES;
				CLANG_WARN_INT_CONVERSION = YES;
				CLANG_WARN_NON_LITERAL_NULL_CONVERSION = YES;
				CLANG_WARN_OBJC_IMPLICIT_RETAIN_SELF = YES;
				CLANG_WARN_OBJC_LITERAL_CONVERSION = YES;
				CLANG_WARN_OBJC_ROOT_CLASS = YES_ERROR;
				CLANG_WARN_QUOTED_INCLUDE_IN_FRAMEWORK_HEADER = YES;
				CLANG_WARN_RANGE_LOOP_ANALYSIS = YES;
				CLANG_WARN_STRICT_PROTOTYPES = YES;
				CLANG_WARN_SUSPICIOUS_MOVE = YES;
				CLANG_WARN_UNGUARDED_AVAILABILITY = YES_AGGRESSIVE;
				CLANG_WARN_UNREACHABLE_CODE = YES;
				CLANG_WARN__DUPLICATE_METHOD_MATCH = YES;
				COPY_PHASE_STRIP = NO;
				DEBUG_INFORMATION_FORMAT = dwarf;
				ENABLE_STRICT_OBJC_MSGSEND = YES;
				ENABLE_TESTABILITY = YES;
				GCC_C_LANGUAGE_STANDARD = gnu11;
				GCC_DYNAMIC_NO_PIC = NO;
				GCC_NO_COMMON_BLOCKS = YES;
				GCC_OPTIMIZATION_LEVEL = 0;
				GCC_PREPROCESSOR_DEFINITIONS = (
					"DEBUG=1",
					"$(inherited)",
				);
				GCC_WARN_64_TO_32_BIT_CONVERSION = YES;
				GCC_WARN_ABOUT_RETURN_TYPE = YES_ERROR;
				GCC_WARN_UNDECLARED_SELECTOR = YES;
				GCC_WARN_UNINITIALIZED_AUTOS = YES_AGGRESSIVE;
				GCC_WARN_UNUSED_FUNCTION = YES;
				GCC_WARN_UNUSED_VARIABLE = YES;
				IPHONEOS_DEPLOYMENT_TARGET = 15.0;
				MTL_ENABLE_DEBUG_INFO = INCLUDE_SOURCE;
				MTL_FAST_MATH = YES;
				ONLY_ACTIVE_ARCH = YES;
				SDKROOT = iphoneos;
				SWIFT_ACTIVE_COMPILATION_CONDITIONS = DEBUG;
				SWIFT_OPTIMIZATION_LEVEL = "-Onone";
			};
			name = Debug;
		};
		0E2A1F42270C068D0015CA58 /* Release */ = {
			isa = XCBuildConfiguration;
			buildSettings = {
				ALWAYS_SEARCH_USER_PATHS = NO;
				CLANG_ANALYZER_NONNULL = YES;
				CLANG_ANALYZER_NUMBER_OBJECT_CONVERSION = YES_AGGRESSIVE;
				CLANG_CXX_LANGUAGE_STANDARD = "gnu++17";
				CLANG_CXX_LIBRARY = "libc++";
				CLANG_ENABLE_MODULES = YES;
				CLANG_ENABLE_OBJC_ARC = YES;
				CLANG_ENABLE_OBJC_WEAK = YES;
				CLANG_WARN_BLOCK_CAPTURE_AUTORELEASING = YES;
				CLANG_WARN_BOOL_CONVERSION = YES;
				CLANG_WARN_COMMA = YES;
				CLANG_WARN_CONSTANT_CONVERSION = YES;
				CLANG_WARN_DEPRECATED_OBJC_IMPLEMENTATIONS = YES;
				CLANG_WARN_DIRECT_OBJC_ISA_USAGE = YES_ERROR;
				CLANG_WARN_DOCUMENTATION_COMMENTS = YES;
				CLANG_WARN_EMPTY_BODY = YES;
				CLANG_WARN_ENUM_CONVERSION = YES;
				CLANG_WARN_INFINITE_RECURSION = YES;
				CLANG_WARN_INT_CONVERSION = YES;
				CLANG_WARN_NON_LITERAL_NULL_CONVERSION = YES;
				CLANG_WARN_OBJC_IMPLICIT_RETAIN_SELF = YES;
				CLANG_WARN_OBJC_LITERAL_CONVERSION = YES;
				CLANG_WARN_OBJC_ROOT_CLASS = YES_ERROR;
				CLANG_WARN_QUOTED_INCLUDE_IN_FRAMEWORK_HEADER = YES;
				CLANG_WARN_RANGE_LOOP_ANALYSIS = YES;
				CLANG_WARN_STRICT_PROTOTYPES = YES;
				CLANG_WARN_SUSPICIOUS_MOVE = YES;
				CLANG_WARN_UNGUARDED_AVAILABILITY = YES_AGGRESSIVE;
				CLANG_WARN_UNREACHABLE_CODE = YES;
				CLANG_WARN__DUPLICATE_METHOD_MATCH = YES;
				COPY_PHASE_STRIP = NO;
				DEBUG_INFORMATION_FORMAT = "dwarf-with-dsym";
				ENABLE_NS_ASSERTIONS = NO;
				ENABLE_STRICT_OBJC_MSGSEND = YES;
				GCC_C_LANGUAGE_STANDARD = gnu11;
				GCC_NO_COMMON_BLOCKS = YES;
				GCC_WARN_64_TO_32_BIT_CONVERSION = YES;
				GCC_WARN_ABOUT_RETURN_TYPE = YES_ERROR;
				GCC_WARN_UNDECLARED_SELECTOR = YES;
				GCC_WARN_UNINITIALIZED_AUTOS = YES_AGGRESSIVE;
				GCC_WARN_UNUSED_FUNCTION = YES;
				GCC_WARN_UNUSED_VARIABLE = YES;
				IPHONEOS_DEPLOYMENT_TARGET = 15.0;
				MTL_ENABLE_DEBUG_INFO = NO;
				MTL_FAST_MATH = YES;
				SDKROOT = iphoneos;
				SWIFT_COMPILATION_MODE = wholemodule;
				SWIFT_OPTIMIZATION_LEVEL = "-O";
				VALIDATE_PRODUCT = YES;
			};
			name = Release;
		};
		0E2A1F44270C068D0015CA58 /* Debug */ = {
			isa = XCBuildConfiguration;
			buildSettings = {
				ASSETCATALOG_COMPILER_APPICON_NAME = AppIcon;
				ASSETCATALOG_COMPILER_GLOBAL_ACCENT_COLOR_NAME = AccentColor;
				CODE_SIGN_STYLE = Automatic;
				CURRENT_PROJECT_VERSION = 1;
				DEVELOPMENT_ASSET_PATHS = "\"SwiftUI_Alamofire/Preview Content\"";
				DEVELOPMENT_TEAM = R6YNJ9HW8W;
				ENABLE_PREVIEWS = YES;
				GENERATE_INFOPLIST_FILE = YES;
				INFOPLIST_KEY_UIApplicationSceneManifest_Generation = YES;
				INFOPLIST_KEY_UIApplicationSupportsIndirectInputEvents = YES;
				INFOPLIST_KEY_UILaunchScreen_Generation = YES;
				INFOPLIST_KEY_UISupportedInterfaceOrientations_iPad = "UIInterfaceOrientationPortrait UIInterfaceOrientationPortraitUpsideDown UIInterfaceOrientationLandscapeLeft UIInterfaceOrientationLandscapeRight";
				INFOPLIST_KEY_UISupportedInterfaceOrientations_iPhone = "UIInterfaceOrientationPortrait UIInterfaceOrientationLandscapeLeft UIInterfaceOrientationLandscapeRight";
				IPHONEOS_DEPLOYMENT_TARGET = 14.0;
				LD_RUNPATH_SEARCH_PATHS = (
					"$(inherited)",
					"@executable_path/Frameworks",
				);
				MARKETING_VERSION = 1.0;
				PRODUCT_BUNDLE_IDENTIFIER = "k-aoki.SwiftUI-Alamofire";
				PRODUCT_NAME = "$(TARGET_NAME)";
				SWIFT_EMIT_LOC_STRINGS = YES;
				SWIFT_VERSION = 5.0;
				TARGETED_DEVICE_FAMILY = "1,2";
			};
			name = Debug;
		};
		0E2A1F45270C068D0015CA58 /* Release */ = {
			isa = XCBuildConfiguration;
			buildSettings = {
				ASSETCATALOG_COMPILER_APPICON_NAME = AppIcon;
				ASSETCATALOG_COMPILER_GLOBAL_ACCENT_COLOR_NAME = AccentColor;
				CODE_SIGN_STYLE = Automatic;
				CURRENT_PROJECT_VERSION = 1;
				DEVELOPMENT_ASSET_PATHS = "\"SwiftUI_Alamofire/Preview Content\"";
				DEVELOPMENT_TEAM = R6YNJ9HW8W;
				ENABLE_PREVIEWS = YES;
				GENERATE_INFOPLIST_FILE = YES;
				INFOPLIST_KEY_UIApplicationSceneManifest_Generation = YES;
				INFOPLIST_KEY_UIApplicationSupportsIndirectInputEvents = YES;
				INFOPLIST_KEY_UILaunchScreen_Generation = YES;
				INFOPLIST_KEY_UISupportedInterfaceOrientations_iPad = "UIInterfaceOrientationPortrait UIInterfaceOrientationPortraitUpsideDown UIInterfaceOrientationLandscapeLeft UIInterfaceOrientationLandscapeRight";
				INFOPLIST_KEY_UISupportedInterfaceOrientations_iPhone = "UIInterfaceOrientationPortrait UIInterfaceOrientationLandscapeLeft UIInterfaceOrientationLandscapeRight";
				IPHONEOS_DEPLOYMENT_TARGET = 14.0;
				LD_RUNPATH_SEARCH_PATHS = (
					"$(inherited)",
					"@executable_path/Frameworks",
				);
				MARKETING_VERSION = 1.0;
				PRODUCT_BUNDLE_IDENTIFIER = "k-aoki.SwiftUI-Alamofire";
				PRODUCT_NAME = "$(TARGET_NAME)";
				SWIFT_EMIT_LOC_STRINGS = YES;
				SWIFT_VERSION = 5.0;
				TARGETED_DEVICE_FAMILY = "1,2";
			};
			name = Release;
		};
/* End XCBuildConfiguration section */

/* Begin XCConfigurationList section */
		0E2A1F30270C06860015CA58 /* Build configuration list for PBXProject "SwiftUI_Alamofire" */ = {
			isa = XCConfigurationList;
			buildConfigurations = (
				0E2A1F41270C068D0015CA58 /* Debug */,
				0E2A1F42270C068D0015CA58 /* Release */,
			);
			defaultConfigurationIsVisible = 0;
			defaultConfigurationName = Release;
		};
		0E2A1F43270C068D0015CA58 /* Build configuration list for PBXNativeTarget "SwiftUI_Alamofire" */ = {
			isa = XCConfigurationList;
			buildConfigurations = (
				0E2A1F44270C068D0015CA58 /* Debug */,
				0E2A1F45270C068D0015CA58 /* Release */,
			);
			defaultConfigurationIsVisible = 0;
			defaultConfigurationName = Release;
		};
/* End XCConfigurationList section */

/* Begin XCRemoteSwiftPackageReference section */
		0E2A1F46270C07410015CA58 /* XCRemoteSwiftPackageReference "Networking" */ = {
			isa = XCRemoteSwiftPackageReference;
			repositoryURL = "https://github.com/freshOS/Networking.git";
			requirement = {
				kind = upToNextMajorVersion;
				minimumVersion = 0.3.3;
			};
		};
/* End XCRemoteSwiftPackageReference section */

/* Begin XCSwiftPackageProductDependency section */
		0E2A1F47270C07410015CA58 /* Networking */ = {
			isa = XCSwiftPackageProductDependency;
			package = 0E2A1F46270C07410015CA58 /* XCRemoteSwiftPackageReference "Networking" */;
			productName = Networking;
		};
/* End XCSwiftPackageProductDependency section */
	};
	rootObject = 0E2A1F2D270C06860015CA58 /* Project object */;
}
